// !$*UTF8*$!
{
	archiveVersion = 1;
	classes = {
	};
	objectVersion = 46;
	objects = {

/* Begin PBXBuildFile section */
		636A342E19234340009B4224 /* QLConfigViewController.m in Sources */ = {isa = PBXBuildFile; fileRef = 636A342D19234340009B4224 /* QLConfigViewController.m */; };
		63C4923C191B508D00EF29EF /* Foundation.framework in Frameworks */ = {isa = PBXBuildFile; fileRef = 63C4923B191B508D00EF29EF /* Foundation.framework */; };
		63C4923E191B508D00EF29EF /* CoreGraphics.framework in Frameworks */ = {isa = PBXBuildFile; fileRef = 63C4923D191B508D00EF29EF /* CoreGraphics.framework */; };
		63C49240191B508D00EF29EF /* UIKit.framework in Frameworks */ = {isa = PBXBuildFile; fileRef = 63C4923F191B508D00EF29EF /* UIKit.framework */; };
		63C49246191B508D00EF29EF /* InfoPlist.strings in Resources */ = {isa = PBXBuildFile; fileRef = 63C49244191B508D00EF29EF /* InfoPlist.strings */; };
		63C49248191B508D00EF29EF /* main.m in Sources */ = {isa = PBXBuildFile; fileRef = 63C49247191B508D00EF29EF /* main.m */; };
		63C4924C191B508D00EF29EF /* QLAppDelegate.m in Sources */ = {isa = PBXBuildFile; fileRef = 63C4924B191B508D00EF29EF /* QLAppDelegate.m */; };
		63C4924F191B508D00EF29EF /* Main.storyboard in Resources */ = {isa = PBXBuildFile; fileRef = 63C4924D191B508D00EF29EF /* Main.storyboard */; };
		63C49252191B508D00EF29EF /* QLViewController.m in Sources */ = {isa = PBXBuildFile; fileRef = 63C49251191B508D00EF29EF /* QLViewController.m */; };
		63C49254191B508D00EF29EF /* Images.xcassets in Resources */ = {isa = PBXBuildFile; fileRef = 63C49253191B508D00EF29EF /* Images.xcassets */; };
		63C4925B191B508D00EF29EF /* XCTest.framework in Frameworks */ = {isa = PBXBuildFile; fileRef = 63C4925A191B508D00EF29EF /* XCTest.framework */; };
		63C4925C191B508D00EF29EF /* Foundation.framework in Frameworks */ = {isa = PBXBuildFile; fileRef = 63C4923B191B508D00EF29EF /* Foundation.framework */; };
		63C4925D191B508D00EF29EF /* UIKit.framework in Frameworks */ = {isa = PBXBuildFile; fileRef = 63C4923F191B508D00EF29EF /* UIKit.framework */; };
		63C49265191B508D00EF29EF /* InfoPlist.strings in Resources */ = {isa = PBXBuildFile; fileRef = 63C49263191B508D00EF29EF /* InfoPlist.strings */; };
		63C49267191B508D00EF29EF /* DeeplinkTests.m in Sources */ = {isa = PBXBuildFile; fileRef = 63C49266191B508D00EF29EF /* DeeplinkTests.m */; };
		63C49271191B6A2400EF29EF /* AdSupport.framework in Frameworks */ = {isa = PBXBuildFile; fileRef = 63C49270191B6A2400EF29EF /* AdSupport.framework */; };
		63C492741920066D00EF29EF /* XLinks.m in Sources */ = {isa = PBXBuildFile; fileRef = 63C492731920066D00EF29EF /* XLinks.m */; };
/* End PBXBuildFile section */

/* Begin PBXContainerItemProxy section */
		63C4925E191B508D00EF29EF /* PBXContainerItemProxy */ = {
			isa = PBXContainerItemProxy;
			containerPortal = 63C49230191B508C00EF29EF /* Project object */;
			proxyType = 1;
			remoteGlobalIDString = 63C49237191B508C00EF29EF;
			remoteInfo = Deeplink;
		};
/* End PBXContainerItemProxy section */

/* Begin PBXFileReference section */
		636A342C19234340009B4224 /* QLConfigViewController.h */ = {isa = PBXFileReference; fileEncoding = 4; lastKnownFileType = sourcecode.c.h; path = QLConfigViewController.h; sourceTree = "<group>"; };
		636A342D19234340009B4224 /* QLConfigViewController.m */ = {isa = PBXFileReference; fileEncoding = 4; lastKnownFileType = sourcecode.c.objc; path = QLConfigViewController.m; sourceTree = "<group>"; };
		63C49238191B508C00EF29EF /* Deeplink.app */ = {isa = PBXFileReference; explicitFileType = wrapper.application; includeInIndex = 0; path = Deeplink.app; sourceTree = BUILT_PRODUCTS_DIR; };
		63C4923B191B508D00EF29EF /* Foundation.framework */ = {isa = PBXFileReference; lastKnownFileType = wrapper.framework; name = Foundation.framework; path = System/Library/Frameworks/Foundation.framework; sourceTree = SDKROOT; };
		63C4923D191B508D00EF29EF /* CoreGraphics.framework */ = {isa = PBXFileReference; lastKnownFileType = wrapper.framework; name = CoreGraphics.framework; path = System/Library/Frameworks/CoreGraphics.framework; sourceTree = SDKROOT; };
		63C4923F191B508D00EF29EF /* UIKit.framework */ = {isa = PBXFileReference; lastKnownFileType = wrapper.framework; name = UIKit.framework; path = System/Library/Frameworks/UIKit.framework; sourceTree = SDKROOT; };
		63C49243191B508D00EF29EF /* Deeplink-Info.plist */ = {isa = PBXFileReference; lastKnownFileType = text.plist.xml; path = "Deeplink-Info.plist"; sourceTree = "<group>"; };
		63C49245191B508D00EF29EF /* en */ = {isa = PBXFileReference; lastKnownFileType = text.plist.strings; name = en; path = en.lproj/InfoPlist.strings; sourceTree = "<group>"; };
		63C49247191B508D00EF29EF /* main.m */ = {isa = PBXFileReference; lastKnownFileType = sourcecode.c.objc; path = main.m; sourceTree = "<group>"; };
		63C49249191B508D00EF29EF /* Deeplink-Prefix.pch */ = {isa = PBXFileReference; lastKnownFileType = sourcecode.c.h; path = "Deeplink-Prefix.pch"; sourceTree = "<group>"; };
		63C4924A191B508D00EF29EF /* QLAppDelegate.h */ = {isa = PBXFileReference; lastKnownFileType = sourcecode.c.h; path = QLAppDelegate.h; sourceTree = "<group>"; };
		63C4924B191B508D00EF29EF /* QLAppDelegate.m */ = {isa = PBXFileReference; lastKnownFileType = sourcecode.c.objc; path = QLAppDelegate.m; sourceTree = "<group>"; };
		63C4924E191B508D00EF29EF /* Base */ = {isa = PBXFileReference; lastKnownFileType = file.storyboard; name = Base; path = Base.lproj/Main.storyboard; sourceTree = "<group>"; };
		63C49250191B508D00EF29EF /* QLViewController.h */ = {isa = PBXFileReference; lastKnownFileType = sourcecode.c.h; path = QLViewController.h; sourceTree = "<group>"; };
		63C49251191B508D00EF29EF /* QLViewController.m */ = {isa = PBXFileReference; lastKnownFileType = sourcecode.c.objc; path = QLViewController.m; sourceTree = "<group>"; };
		63C49253191B508D00EF29EF /* Images.xcassets */ = {isa = PBXFileReference; lastKnownFileType = folder.assetcatalog; path = Images.xcassets; sourceTree = "<group>"; };
		63C49259191B508D00EF29EF /* DeeplinkTests.xctest */ = {isa = PBXFileReference; explicitFileType = wrapper.cfbundle; includeInIndex = 0; path = DeeplinkTests.xctest; sourceTree = BUILT_PRODUCTS_DIR; };
		63C4925A191B508D00EF29EF /* XCTest.framework */ = {isa = PBXFileReference; lastKnownFileType = wrapper.framework; name = XCTest.framework; path = Library/Frameworks/XCTest.framework; sourceTree = DEVELOPER_DIR; };
		63C49262191B508D00EF29EF /* DeeplinkTests-Info.plist */ = {isa = PBXFileReference; lastKnownFileType = text.plist.xml; path = "DeeplinkTests-Info.plist"; sourceTree = "<group>"; };
		63C49264191B508D00EF29EF /* en */ = {isa = PBXFileReference; lastKnownFileType = text.plist.strings; name = en; path = en.lproj/InfoPlist.strings; sourceTree = "<group>"; };
		63C49266191B508D00EF29EF /* DeeplinkTests.m */ = {isa = PBXFileReference; lastKnownFileType = sourcecode.c.objc; path = DeeplinkTests.m; sourceTree = "<group>"; };
		63C49270191B6A2400EF29EF /* AdSupport.framework */ = {isa = PBXFileReference; lastKnownFileType = wrapper.framework; name = AdSupport.framework; path = System/Library/Frameworks/AdSupport.framework; sourceTree = SDKROOT; };
		63C492721920066D00EF29EF /* XLinks.h */ = {isa = PBXFileReference; fileEncoding = 4; lastKnownFileType = sourcecode.c.h; path = XLinks.h; sourceTree = "<group>"; };
		63C492731920066D00EF29EF /* XLinks.m */ = {isa = PBXFileReference; fileEncoding = 4; lastKnownFileType = sourcecode.c.objc; path = XLinks.m; sourceTree = "<group>"; };
/* End PBXFileReference section */

/* Begin PBXFrameworksBuildPhase section */
		63C49235191B508C00EF29EF /* Frameworks */ = {
			isa = PBXFrameworksBuildPhase;
			buildActionMask = 2147483647;
			files = (
				63C49271191B6A2400EF29EF /* AdSupport.framework in Frameworks */,
				63C4923E191B508D00EF29EF /* CoreGraphics.framework in Frameworks */,
				63C49240191B508D00EF29EF /* UIKit.framework in Frameworks */,
				63C4923C191B508D00EF29EF /* Foundation.framework in Frameworks */,
			);
			runOnlyForDeploymentPostprocessing = 0;
		};
		63C49256191B508D00EF29EF /* Frameworks */ = {
			isa = PBXFrameworksBuildPhase;
			buildActionMask = 2147483647;
			files = (
				63C4925B191B508D00EF29EF /* XCTest.framework in Frameworks */,
				63C4925D191B508D00EF29EF /* UIKit.framework in Frameworks */,
				63C4925C191B508D00EF29EF /* Foundation.framework in Frameworks */,
			);
			runOnlyForDeploymentPostprocessing = 0;
		};
/* End PBXFrameworksBuildPhase section */

/* Begin PBXGroup section */
		63C4922F191B508C00EF29EF = {
			isa = PBXGroup;
			children = (
				63C49241191B508D00EF29EF /* Deeplink */,
				63C49260191B508D00EF29EF /* DeeplinkTests */,
				63C4923A191B508D00EF29EF /* Frameworks */,
				63C49239191B508D00EF29EF /* Products */,
			);
			sourceTree = "<group>";
		};
		63C49239191B508D00EF29EF /* Products */ = {
			isa = PBXGroup;
			children = (
				63C49238191B508C00EF29EF /* Deeplink.app */,
				63C49259191B508D00EF29EF /* DeeplinkTests.xctest */,
			);
			name = Products;
			sourceTree = "<group>";
		};
		63C4923A191B508D00EF29EF /* Frameworks */ = {
			isa = PBXGroup;
			children = (
				63C49270191B6A2400EF29EF /* AdSupport.framework */,
				63C4923B191B508D00EF29EF /* Foundation.framework */,
				63C4923D191B508D00EF29EF /* CoreGraphics.framework */,
				63C4923F191B508D00EF29EF /* UIKit.framework */,
				63C4925A191B508D00EF29EF /* XCTest.framework */,
			);
			name = Frameworks;
			sourceTree = "<group>";
		};
		63C49241191B508D00EF29EF /* Deeplink */ = {
			isa = PBXGroup;
			children = (
				63C4924A191B508D00EF29EF /* QLAppDelegate.h */,
				63C4924B191B508D00EF29EF /* QLAppDelegate.m */,
				63C4924D191B508D00EF29EF /* Main.storyboard */,
				63C49250191B508D00EF29EF /* QLViewController.h */,
				63C49251191B508D00EF29EF /* QLViewController.m */,
				63C49253191B508D00EF29EF /* Images.xcassets */,
				63C49242191B508D00EF29EF /* Supporting Files */,
				63C492721920066D00EF29EF /* XLinks.h */,
				63C492731920066D00EF29EF /* XLinks.m */,
				636A342C19234340009B4224 /* QLConfigViewController.h */,
				636A342D19234340009B4224 /* QLConfigViewController.m */,
			);
			path = Deeplink;
			sourceTree = "<group>";
		};
		63C49242191B508D00EF29EF /* Supporting Files */ = {
			isa = PBXGroup;
			children = (
				63C49243191B508D00EF29EF /* Deeplink-Info.plist */,
				63C49244191B508D00EF29EF /* InfoPlist.strings */,
				63C49247191B508D00EF29EF /* main.m */,
				63C49249191B508D00EF29EF /* Deeplink-Prefix.pch */,
			);
			name = "Supporting Files";
			sourceTree = "<group>";
		};
		63C49260191B508D00EF29EF /* DeeplinkTests */ = {
			isa = PBXGroup;
			children = (
				63C49266191B508D00EF29EF /* DeeplinkTests.m */,
				63C49261191B508D00EF29EF /* Supporting Files */,
			);
			path = DeeplinkTests;
			sourceTree = "<group>";
		};
		63C49261191B508D00EF29EF /* Supporting Files */ = {
			isa = PBXGroup;
			children = (
				63C49262191B508D00EF29EF /* DeeplinkTests-Info.plist */,
				63C49263191B508D00EF29EF /* InfoPlist.strings */,
			);
			name = "Supporting Files";
			sourceTree = "<group>";
		};
/* End PBXGroup section */

/* Begin PBXNativeTarget section */
		63C49237191B508C00EF29EF /* Deeplink */ = {
			isa = PBXNativeTarget;
			buildConfigurationList = 63C4926A191B508D00EF29EF /* Build configuration list for PBXNativeTarget "Deeplink" */;
			buildPhases = (
				63C49234191B508C00EF29EF /* Sources */,
				63C49235191B508C00EF29EF /* Frameworks */,
				63C49236191B508C00EF29EF /* Resources */,
			);
			buildRules = (
			);
			dependencies = (
			);
			name = Deeplink;
			productName = Deeplink;
			productReference = 63C49238191B508C00EF29EF /* Deeplink.app */;
			productType = "com.apple.product-type.application";
		};
		63C49258191B508D00EF29EF /* DeeplinkTests */ = {
			isa = PBXNativeTarget;
			buildConfigurationList = 63C4926D191B508D00EF29EF /* Build configuration list for PBXNativeTarget "DeeplinkTests" */;
			buildPhases = (
				63C49255191B508D00EF29EF /* Sources */,
				63C49256191B508D00EF29EF /* Frameworks */,
				63C49257191B508D00EF29EF /* Resources */,
			);
			buildRules = (
			);
			dependencies = (
				63C4925F191B508D00EF29EF /* PBXTargetDependency */,
			);
			name = DeeplinkTests;
			productName = DeeplinkTests;
			productReference = 63C49259191B508D00EF29EF /* DeeplinkTests.xctest */;
			productType = "com.apple.product-type.bundle.unit-test";
		};
/* End PBXNativeTarget section */

/* Begin PBXProject section */
		63C49230191B508C00EF29EF /* Project object */ = {
			isa = PBXProject;
			attributes = {
				CLASSPREFIX = QL;
				LastUpgradeCheck = 0510;
				ORGANIZATIONNAME = QorioLabs;
				TargetAttributes = {
					63C49237191B508C00EF29EF = {
						DevelopmentTeam = CG725MRC5H;
					};
					63C49258191B508D00EF29EF = {
						TestTargetID = 63C49237191B508C00EF29EF;
					};
				};
			};
			buildConfigurationList = 63C49233191B508C00EF29EF /* Build configuration list for PBXProject "Deeplink" */;
			compatibilityVersion = "Xcode 3.2";
			developmentRegion = English;
			hasScannedForEncodings = 0;
			knownRegions = (
				en,
				Base,
			);
			mainGroup = 63C4922F191B508C00EF29EF;
			productRefGroup = 63C49239191B508D00EF29EF /* Products */;
			projectDirPath = "";
			projectRoot = "";
			targets = (
				63C49237191B508C00EF29EF /* Deeplink */,
				63C49258191B508D00EF29EF /* DeeplinkTests */,
			);
		};
/* End PBXProject section */

/* Begin PBXResourcesBuildPhase section */
		63C49236191B508C00EF29EF /* Resources */ = {
			isa = PBXResourcesBuildPhase;
			buildActionMask = 2147483647;
			files = (
				63C49254191B508D00EF29EF /* Images.xcassets in Resources */,
				63C49246191B508D00EF29EF /* InfoPlist.strings in Resources */,
				63C4924F191B508D00EF29EF /* Main.storyboard in Resources */,
			);
			runOnlyForDeploymentPostprocessing = 0;
		};
		63C49257191B508D00EF29EF /* Resources */ = {
			isa = PBXResourcesBuildPhase;
			buildActionMask = 2147483647;
			files = (
				63C49265191B508D00EF29EF /* InfoPlist.strings in Resources */,
			);
			runOnlyForDeploymentPostprocessing = 0;
		};
/* End PBXResourcesBuildPhase section */

/* Begin PBXSourcesBuildPhase section */
		63C49234191B508C00EF29EF /* Sources */ = {
			isa = PBXSourcesBuildPhase;
			buildActionMask = 2147483647;
			files = (
				63C492741920066D00EF29EF /* XLinks.m in Sources */,
				63C49252191B508D00EF29EF /* QLViewController.m in Sources */,
				636A342E19234340009B4224 /* QLConfigViewController.m in Sources */,
				63C49248191B508D00EF29EF /* main.m in Sources */,
				63C4924C191B508D00EF29EF /* QLAppDelegate.m in Sources */,
			);
			runOnlyForDeploymentPostprocessing = 0;
		};
		63C49255191B508D00EF29EF /* Sources */ = {
			isa = PBXSourcesBuildPhase;
			buildActionMask = 2147483647;
			files = (
				63C49267191B508D00EF29EF /* DeeplinkTests.m in Sources */,
			);
			runOnlyForDeploymentPostprocessing = 0;
		};
/* End PBXSourcesBuildPhase section */

/* Begin PBXTargetDependency section */
		63C4925F191B508D00EF29EF /* PBXTargetDependency */ = {
			isa = PBXTargetDependency;
			target = 63C49237191B508C00EF29EF /* Deeplink */;
			targetProxy = 63C4925E191B508D00EF29EF /* PBXContainerItemProxy */;
		};
/* End PBXTargetDependency section */

/* Begin PBXVariantGroup section */
		63C49244191B508D00EF29EF /* InfoPlist.strings */ = {
			isa = PBXVariantGroup;
			children = (
				63C49245191B508D00EF29EF /* en */,
			);
			name = InfoPlist.strings;
			sourceTree = "<group>";
		};
		63C4924D191B508D00EF29EF /* Main.storyboard */ = {
			isa = PBXVariantGroup;
			children = (
				63C4924E191B508D00EF29EF /* Base */,
			);
			name = Main.storyboard;
			sourceTree = "<group>";
		};
		63C49263191B508D00EF29EF /* InfoPlist.strings */ = {
			isa = PBXVariantGroup;
			children = (
				63C49264191B508D00EF29EF /* en */,
			);
			name = InfoPlist.strings;
			sourceTree = "<group>";
		};
/* End PBXVariantGroup section */

/* Begin XCBuildConfiguration section */
		63C49268191B508D00EF29EF /* Debug */ = {
			isa = XCBuildConfiguration;
			buildSettings = {
				ALWAYS_SEARCH_USER_PATHS = NO;
				CLANG_CXX_LANGUAGE_STANDARD = "gnu++0x";
				CLANG_CXX_LIBRARY = "libc++";
				CLANG_ENABLE_MODULES = YES;
				CLANG_ENABLE_OBJC_ARC = YES;
				CLANG_WARN_BOOL_CONVERSION = YES;
				CLANG_WARN_CONSTANT_CONVERSION = YES;
				CLANG_WARN_DIRECT_OBJC_ISA_USAGE = YES_ERROR;
				CLANG_WARN_EMPTY_BODY = YES;
				CLANG_WARN_ENUM_CONVERSION = YES;
				CLANG_WARN_INT_CONVERSION = YES;
				CLANG_WARN_OBJC_ROOT_CLASS = YES_ERROR;
				CLANG_WARN__DUPLICATE_METHOD_MATCH = YES;
				"CODE_SIGN_IDENTITY[sdk=iphoneos*]" = "iPhone Developer";
				COPY_PHASE_STRIP = NO;
				GCC_C_LANGUAGE_STANDARD = gnu99;
				GCC_DYNAMIC_NO_PIC = NO;
				GCC_OPTIMIZATION_LEVEL = 0;
				GCC_PREPROCESSOR_DEFINITIONS = (
					"DEBUG=1",
					"$(inherited)",
				);
				GCC_SYMBOLS_PRIVATE_EXTERN = NO;
				GCC_WARN_64_TO_32_BIT_CONVERSION = YES;
				GCC_WARN_ABOUT_RETURN_TYPE = YES_ERROR;
				GCC_WARN_UNDECLARED_SELECTOR = YES;
				GCC_WARN_UNINITIALIZED_AUTOS = YES_AGGRESSIVE;
				GCC_WARN_UNUSED_FUNCTION = YES;
				GCC_WARN_UNUSED_VARIABLE = YES;
				IPHONEOS_DEPLOYMENT_TARGET = 7.1;
				ONLY_ACTIVE_ARCH = YES;
				SDKROOT = iphoneos;
			};
			name = Debug;
		};
		63C49269191B508D00EF29EF /* Release */ = {
			isa = XCBuildConfiguration;
			buildSettings = {
				ALWAYS_SEARCH_USER_PATHS = NO;
				CLANG_CXX_LANGUAGE_STANDARD = "gnu++0x";
				CLANG_CXX_LIBRARY = "libc++";
				CLANG_ENABLE_MODULES = YES;
				CLANG_ENABLE_OBJC_ARC = YES;
				CLANG_WARN_BOOL_CONVERSION = YES;
				CLANG_WARN_CONSTANT_CONVERSION = YES;
				CLANG_WARN_DIRECT_OBJC_ISA_USAGE = YES_ERROR;
				CLANG_WARN_EMPTY_BODY = YES;
				CLANG_WARN_ENUM_CONVERSION = YES;
				CLANG_WARN_INT_CONVERSION = YES;
				CLANG_WARN_OBJC_ROOT_CLASS = YES_ERROR;
				CLANG_WARN__DUPLICATE_METHOD_MATCH = YES;
				"CODE_SIGN_IDENTITY[sdk=iphoneos*]" = "iPhone Developer";
				COPY_PHASE_STRIP = YES;
				ENABLE_NS_ASSERTIONS = NO;
				GCC_C_LANGUAGE_STANDARD = gnu99;
				GCC_WARN_64_TO_32_BIT_CONVERSION = YES;
				GCC_WARN_ABOUT_RETURN_TYPE = YES_ERROR;
				GCC_WARN_UNDECLARED_SELECTOR = YES;
				GCC_WARN_UNINITIALIZED_AUTOS = YES_AGGRESSIVE;
				GCC_WARN_UNUSED_FUNCTION = YES;
				GCC_WARN_UNUSED_VARIABLE = YES;
				IPHONEOS_DEPLOYMENT_TARGET = 7.1;
				SDKROOT = iphoneos;
				VALIDATE_PRODUCT = YES;
			};
			name = Release;
		};
		63C4926B191B508D00EF29EF /* Debug */ = {
			isa = XCBuildConfiguration;
			buildSettings = {
				ASSETCATALOG_COMPILER_APPICON_NAME = AppIcon;
				ASSETCATALOG_COMPILER_LAUNCHIMAGE_NAME = LaunchImage;
				CODE_SIGN_IDENTITY = "iPhone Developer";
				"CODE_SIGN_IDENTITY[sdk=iphoneos*]" = "iPhone Developer";
				GCC_PRECOMPILE_PREFIX_HEADER = YES;
				GCC_PREFIX_HEADER = "Deeplink/Deeplink-Prefix.pch";
				INFOPLIST_FILE = "Deeplink/Deeplink-Info.plist";
				PRODUCT_NAME = "$(TARGET_NAME)";
				PROVISIONING_PROFILE = "";
				WRAPPER_EXTENSION = app;
			};
			name = Debug;
		};
		63C4926C191B508D00EF29EF /* Release */ = {
			isa = XCBuildConfiguration;
			buildSettings = {
				ASSETCATALOG_COMPILER_APPICON_NAME = AppIcon;
				ASSETCATALOG_COMPILER_LAUNCHIMAGE_NAME = LaunchImage;
				CODE_SIGN_IDENTITY = "iPhone Developer";
				"CODE_SIGN_IDENTITY[sdk=iphoneos*]" = "iPhone Developer";
				GCC_PRECOMPILE_PREFIX_HEADER = YES;
				GCC_PREFIX_HEADER = "Deeplink/Deeplink-Prefix.pch";
				INFOPLIST_FILE = "Deeplink/Deeplink-Info.plist";
				PRODUCT_NAME = "$(TARGET_NAME)";
				PROVISIONING_PROFILE = "A43D3204-8A0A-4DE8-866B-94EEB9BE376D";
				"PROVISIONING_PROFILE[sdk=*]" = "A43D3204-8A0A-4DE8-866B-94EEB9BE376D";
				WRAPPER_EXTENSION = app;
			};
			name = Release;
		};
		63C4926E191B508D00EF29EF /* Debug */ = {
			isa = XCBuildConfiguration;
			buildSettings = {
				BUNDLE_LOADER = "$(BUILT_PRODUCTS_DIR)/Deeplink.app/Deeplink";
				FRAMEWORK_SEARCH_PATHS = (
					"$(SDKROOT)/Developer/Library/Frameworks",
					"$(inherited)",
					"$(DEVELOPER_FRAMEWORKS_DIR)",
				);
				GCC_PRECOMPILE_PREFIX_HEADER = YES;
				GCC_PREFIX_HEADER = "Deeplink/Deeplink-Prefix.pch";
				GCC_PREPROCESSOR_DEFINITIONS = (
					"DEBUG=1",
					"$(inherited)",
				);
				INFOPLIST_FILE = "DeeplinkTests/DeeplinkTests-Info.plist";
				PRODUCT_NAME = "$(TARGET_NAME)";
				TEST_HOST = "$(BUNDLE_LOADER)";
				WRAPPER_EXTENSION = xctest;
			};
			name = Debug;
		};
		63C4926F191B508D00EF29EF /* Release */ = {
			isa = XCBuildConfiguration;
			buildSettings = {
				BUNDLE_LOADER = "$(BUILT_PRODUCTS_DIR)/Deeplink.app/Deeplink";
				FRAMEWORK_SEARCH_PATHS = (
					"$(SDKROOT)/Developer/Library/Frameworks",
					"$(inherited)",
					"$(DEVELOPER_FRAMEWORKS_DIR)",
				);
				GCC_PRECOMPILE_PREFIX_HEADER = YES;
				GCC_PREFIX_HEADER = "Deeplink/Deeplink-Prefix.pch";
				INFOPLIST_FILE = "DeeplinkTests/DeeplinkTests-Info.plist";
				PRODUCT_NAME = "$(TARGET_NAME)";
				TEST_HOST = "$(BUNDLE_LOADER)";
				WRAPPER_EXTENSION = xctest;
			};
			name = Release;
		};
/* End XCBuildConfiguration section */

/* Begin XCConfigurationList section */
		63C49233191B508C00EF29EF /* Build configuration list for PBXProject "Deeplink" */ = {
			isa = XCConfigurationList;
			buildConfigurations = (
				63C49268191B508D00EF29EF /* Debug */,
				63C49269191B508D00EF29EF /* Release */,
			);
			defaultConfigurationIsVisible = 0;
			defaultConfigurationName = Release;
		};
		63C4926A191B508D00EF29EF /* Build configuration list for PBXNativeTarget "Deeplink" */ = {
			isa = XCConfigurationList;
			buildConfigurations = (
				63C4926B191B508D00EF29EF /* Debug */,
				63C4926C191B508D00EF29EF /* Release */,
			);
			defaultConfigurationIsVisible = 0;
			defaultConfigurationName = Release;
		};
		63C4926D191B508D00EF29EF /* Build configuration list for PBXNativeTarget "DeeplinkTests" */ = {
			isa = XCConfigurationList;
			buildConfigurations = (
				63C4926E191B508D00EF29EF /* Debug */,
				63C4926F191B508D00EF29EF /* Release */,
			);
			defaultConfigurationIsVisible = 0;
			defaultConfigurationName = Release;
		};
/* End XCConfigurationList section */
	};
	rootObject = 63C49230191B508C00EF29EF /* Project object */;
}
